
Microsoft Visual Studio Solution File, Format Version 12.00
# Visual Studio 14
VisualStudioVersion = 14.0.25420.1
MinimumVisualStudioVersion = 10.0.40219.1
Project("{FAE04EC0-301F-11D3-BF4B-00C04F79EFBC}") = "SOLIDFizzBuzz", "SOLIDFizzBuzz\SOLIDFizzBuzz.csproj", "{3DAA1874-C24A-479A-B8F7-693A8843C508}"
EndProject
Project("{FAE04EC0-301F-11D3-BF4B-00C04F79EFBC}") = "SOLIDFizzBuzzTests", "SOLIDFizzBuzzTests\SOLIDFizzBuzzTests.csproj", "{5DB61319-754B-40CD-A2AD-EBB796A02F11}"
EndProject
Project("{FAE04EC0-301F-11D3-BF4B-00C04F79EFBC}") = "ConsoleUI", "ConsoleUI\ConsoleUI.csproj", "{D999B8EE-2905-4C6B-BD6E-414E6054FAB2}"
EndProject
Project("{FAE04EC0-301F-11D3-BF4B-00C04F79EFBC}") = "WindowsFormsUI", "WindowsFormsUI\WindowsFormsUI.csproj", "{8526668F-55C1-4E90-99A5-E022F22DE136}"
EndProject
Project("{FAE04EC0-301F-11D3-BF4B-00C04F79EFBC}") = "SOLIDFizzBuzz.Specs", "SOLIDFizzBuzz.Specs\SOLIDFizzBuzz.Specs.csproj", "{B690AB83-5031-4BF5-B2B3-9897BC345D82}"
EndProject
Project("{FAE04EC0-301F-11D3-BF4B-00C04F79EFBC}") = "AspNetMVCUI", "AspNetMVCUI\AspNetMVCUI.csproj", "{3CA9A10B-AC63-42FD-859E-CB52CCC6EAE9}"
EndProject
Project("{FAE04EC0-301F-11D3-BF4B-00C04F79EFBC}") = "AspNetMVCUI.Tests", "AspNetMVCUI.Tests\AspNetMVCUI.Tests.csproj", "{A5DEB87E-6041-4397-A88C-FF94D1FFD2E9}"
EndProject
Project("{FAE04EC0-301F-11D3-BF4B-00C04F79EFBC}") = "DividendRules", "DividendRules\DividendRules.csproj", "{17C33661-167F-4ED8-AA0C-C0801AF19800}"
EndProject
Global
	GlobalSection(SolutionConfigurationPlatforms) = preSolution
		Debug|Any CPU = Debug|Any CPU
		Release|Any CPU = Release|Any CPU
	EndGlobalSection
	GlobalSection(ProjectConfigurationPlatforms) = postSolution
		{3DAA1874-C24A-479A-B8F7-693A8843C508}.Debug|Any CPU.ActiveCfg = Debug|Any CPU
		{3DAA1874-C24A-479A-B8F7-693A8843C508}.Debug|Any CPU.Build.0 = Debug|Any CPU
		{3DAA1874-C24A-479A-B8F7-693A8843C508}.Release|Any CPU.ActiveCfg = Release|Any CPU
		{3DAA1874-C24A-479A-B8F7-693A8843C508}.Release|Any CPU.Build.0 = Release|Any CPU
		{5DB61319-754B-40CD-A2AD-EBB796A02F11}.Debug|Any CPU.ActiveCfg = Debug|Any CPU
		{5DB61319-754B-40CD-A2AD-EBB796A02F11}.Debug|Any CPU.Build.0 = Debug|Any CPU
		{5DB61319-754B-40CD-A2AD-EBB796A02F11}.Release|Any CPU.ActiveCfg = Release|Any CPU
		{5DB61319-754B-40CD-A2AD-EBB796A02F11}.Release|Any CPU.Build.0 = Release|Any CPU
		{D999B8EE-2905-4C6B-BD6E-414E6054FAB2}.Debug|Any CPU.ActiveCfg = Debug|Any CPU
		{D999B8EE-2905-4C6B-BD6E-414E6054FAB2}.Debug|Any CPU.Build.0 = Debug|Any CPU
		{D999B8EE-2905-4C6B-BD6E-414E6054FAB2}.Release|Any CPU.ActiveCfg = Release|Any CPU
		{D999B8EE-2905-4C6B-BD6E-414E6054FAB2}.Release|Any CPU.Build.0 = Release|Any CPU
		{8526668F-55C1-4E90-99A5-E022F22DE136}.Debug|Any CPU.ActiveCfg = Debug|Any CPU
		{8526668F-55C1-4E90-99A5-E022F22DE136}.Debug|Any CPU.Build.0 = Debug|Any CPU
		{8526668F-55C1-4E90-99A5-E022F22DE136}.Release|Any CPU.ActiveCfg = Release|Any CPU
		{8526668F-55C1-4E90-99A5-E022F22DE136}.Release|Any CPU.Build.0 = Release|Any CPU
		{B690AB83-5031-4BF5-B2B3-9897BC345D82}.Debug|Any CPU.ActiveCfg = Debug|Any CPU
		{B690AB83-5031-4BF5-B2B3-9897BC345D82}.Debug|Any CPU.Build.0 = Debug|Any CPU
		{B690AB83-5031-4BF5-B2B3-9897BC345D82}.Release|Any CPU.ActiveCfg = Release|Any CPU
		{B690AB83-5031-4BF5-B2B3-9897BC345D82}.Release|Any CPU.Build.0 = Release|Any CPU
		{3CA9A10B-AC63-42FD-859E-CB52CCC6EAE9}.Debug|Any CPU.ActiveCfg = Debug|Any CPU
		{3CA9A10B-AC63-42FD-859E-CB52CCC6EAE9}.Debug|Any CPU.Build.0 = Debug|Any CPU
		{3CA9A10B-AC63-42FD-859E-CB52CCC6EAE9}.Release|Any CPU.ActiveCfg = Release|Any CPU
		{3CA9A10B-AC63-42FD-859E-CB52CCC6EAE9}.Release|Any CPU.Build.0 = Release|Any CPU
		{A5DEB87E-6041-4397-A88C-FF94D1FFD2E9}.Debug|Any CPU.ActiveCfg = Debug|Any CPU
		{A5DEB87E-6041-4397-A88C-FF94D1FFD2E9}.Debug|Any CPU.Build.0 = Debug|Any CPU
		{A5DEB87E-6041-4397-A88C-FF94D1FFD2E9}.Release|Any CPU.ActiveCfg = Release|Any CPU
		{A5DEB87E-6041-4397-A88C-FF94D1FFD2E9}.Release|Any CPU.Build.0 = Release|Any CPU
		{17C33661-167F-4ED8-AA0C-C0801AF19800}.Debug|Any CPU.ActiveCfg = Debug|Any CPU
		{17C33661-167F-4ED8-AA0C-C0801AF19800}.Debug|Any CPU.Build.0 = Debug|Any CPU
		{17C33661-167F-4ED8-AA0C-C0801AF19800}.Release|Any CPU.ActiveCfg = Release|Any CPU
		{17C33661-167F-4ED8-AA0C-C0801AF19800}.Release|Any CPU.Build.0 = Release|Any CPU
	EndGlobalSection
	GlobalSection(SolutionProperties) = preSolution
		HideSolutionNode = FALSE
	EndGlobalSection
EndGlobal
